<?xml version="1.0" encoding="utf-8"?>
<Project ToolsVersion="4.0" xmlns="http://schemas.microsoft.com/developer/msbuild/2003">
  <ItemGroup>
    <Filter Include="Archivos de origen">
      <UniqueIdentifier>{4FC737F1-C7A5-4376-A066-2A32D752A2FF}</UniqueIdentifier>
      <Extensions>cpp;c;cc;cxx;c++;cppm;ixx;def;odl;idl;hpj;bat;asm;asmx</Extensions>
    </Filter>
    <Filter Include="Archivos de encabezado">
      <UniqueIdentifier>{93995380-89BD-4b04-88EB-625FBE52EBFB}</UniqueIdentifier>
      <Extensions>h;hh;hpp;hxx;h++;hm;inl;inc;ipp;xsd</Extensions>
    </Filter>
    <Filter Include="Archivos de recursos">
      <UniqueIdentifier>{67DA6AB6-F800-4c08-8B7A-83BB121AAD01}</UniqueIdentifier>
      <Extensions>rc;ico;cur;bmp;dlg;rc2;rct;bin;rgs;gif;jpg;jpeg;jpe;resx;tiff;tif;png;wav;mfcribbon-ms</Extensions>
    </Filter>
    <Filter Include="Archivos de encabezado\json">
      <UniqueIdentifier>{70276aad-2e13-48b9-8374-8395ffd1fa8a}</UniqueIdentifier>
    </Filter>
  </ItemGroup>
  <ItemGroup>
    <ClCompile Include="main.cpp">
      <Filter>Archivos de origen</Filter>
    </ClCompile>
    <ClCompile Include="IBox.cpp">
      <Filter>Archivos de origen</Filter>
    </ClCompile>
    <ClCompile Include="IBoxLevelManager.cpp">
      <Filter>Archivos de origen</Filter>
    </ClCompile>
    <ClCompile Include="IBoxPuzzle.cpp">
      <Filter>Archivos de origen</Filter>
    </ClCompile>
    <ClCompile Include="IBoxStory.cpp">
      <Filter>Archivos de origen</Filter>
    </ClCompile>
    <ClCompile Include="StoryImage.cpp">
      <Filter>Archivos de origen</Filter>
    </ClCompile>
    <ClCompile Include="StoryText.cpp">
      <Filter>Archivos de origen</Filter>
    </ClCompile>
    <ClCompile Include="IBoxItem.h">
      <Filter>Archivos de encabezado</Filter>
    </ClCompile>
    <ClCompile Include="IBoxItemBox.cpp">
      <Filter>Archivos de origen</Filter>
    </ClCompile>
    <ClCompile Include="IBoxItem.cpp">
      <Filter>Archivos de origen</Filter>
    </ClCompile>
    <ClCompile Include="IBoxItemDestination.cpp">
      <Filter>Archivos de origen</Filter>
    </ClCompile>
    <ClCompile Include="IRobot.cpp">
      <Filter>Archivos de origen</Filter>
    </ClCompile>
    <ClCompile Include="jsoncpp.cpp">
      <Filter>Archivos de origen</Filter>
    </ClCompile>
  </ItemGroup>
  <ItemGroup>
    <None Include="game.json">
      <Filter>Archivos de recursos</Filter>
    </None>
  </ItemGroup>
  <ItemGroup>
    <ClInclude Include="IBox.h">
      <Filter>Archivos de encabezado</Filter>
    </ClInclude>
    <ClInclude Include="IBoxLevel.h">
      <Filter>Archivos de encabezado</Filter>
    </ClInclude>
    <ClInclude Include="IBoxLevelManager.h">
      <Filter>Archivos de encabezado</Filter>
    </ClInclude>
    <ClInclude Include="IBoxPuzzle.h">
      <Filter>Archivos de encabezado</Filter>
    </ClInclude>
    <ClInclude Include="IBoxStory.h">
      <Filter>Archivos de encabezado</Filter>
    </ClInclude>
    <ClInclude Include="StoryImage.h">
      <Filter>Archivos de encabezado</Filter>
    </ClInclude>
    <ClInclude Include="StoryText.h">
      <Filter>Archivos de encabezado</Filter>
    </ClInclude>
    <ClInclude Include="IBoxItemBox.h">
      <Filter>Archivos de encabezado</Filter>
    </ClInclude>
    <ClInclude Include="IBoxItemDestination.h">
      <Filter>Archivos de encabezado</Filter>
    </ClInclude>
    <ClInclude Include="IRobot.h">
      <Filter>Archivos de encabezado</Filter>
    </ClInclude>
    <ClInclude Include="json\json.h">
      <Filter>Archivos de encabezado\json</Filter>
    </ClInclude>
    <ClInclude Include="json\json-forwards.h">
      <Filter>Archivos de encabezado\json</Filter>
    </ClInclude>
  </ItemGroup>
</Project>